
Microsoft Visual Studio Solution File, Format Version 12.00
# Visual Studio Version 17
VisualStudioVersion = 17.0.31903.59
MinimumVisualStudioVersion = 10.0.40219.1
Project("{9A19103F-16F7-4668-BE54-9A1E7A4F7556}") = "TeklaStructuralDesigner_Adapter", "TeklaStructuralDesigner_Adapter\TeklaStructuralDesigner_Adapter.csproj", "{90A6E43A-D2EB-49C6-8D88-115F1806AF8D}"
EndProject
Project("{9A19103F-16F7-4668-BE54-9A1E7A4F7556}") = "TeklaStructuralDesigner_Engine", "TeklaStructuralDesigner_Engine\TeklaStructuralDesigner_Engine.csproj", "{24AF6755-290F-4E08-A074-FBDA92323FF2}"
EndProject
Project("{9A19103F-16F7-4668-BE54-9A1E7A4F7556}") = "TeklaStructuralDesigner_oM", "TeklaStructuralDesigner_oM\TeklaStructuralDesigner_oM.csproj", "{31099028-DFEB-486E-A8CD-6B4A058BDCD9}"
EndProject
Global
	GlobalSection(SolutionConfigurationPlatforms) = preSolution
		Debug|Any CPU = Debug|Any CPU
		Release|Any CPU = Release|Any CPU
		Test|Any CPU = Test|Any CPU
	EndGlobalSection
	GlobalSection(ProjectConfigurationPlatforms) = postSolution
		{90A6E43A-D2EB-49C6-8D88-115F1806AF8D}.Debug|Any CPU.ActiveCfg = Debug|Any CPU
		{90A6E43A-D2EB-49C6-8D88-115F1806AF8D}.Debug|Any CPU.Build.0 = Debug|Any CPU
		{90A6E43A-D2EB-49C6-8D88-115F1806AF8D}.Release|Any CPU.ActiveCfg = Release|Any CPU
		{90A6E43A-D2EB-49C6-8D88-115F1806AF8D}.Release|Any CPU.Build.0 = Release|Any CPU
		{90A6E43A-D2EB-49C6-8D88-115F1806AF8D}.Test|Any CPU.ActiveCfg = Test|Any CPU
		{90A6E43A-D2EB-49C6-8D88-115F1806AF8D}.Test|Any CPU.Build.0 = Test|Any CPU
		{24AF6755-290F-4E08-A074-FBDA92323FF2}.Debug|Any CPU.ActiveCfg = Debug|Any CPU
		{24AF6755-290F-4E08-A074-FBDA92323FF2}.Debug|Any CPU.Build.0 = Debug|Any CPU
		{24AF6755-290F-4E08-A074-FBDA92323FF2}.Release|Any CPU.ActiveCfg = Release|Any CPU
		{24AF6755-290F-4E08-A074-FBDA92323FF2}.Release|Any CPU.Build.0 = Release|Any CPU
		{24AF6755-290F-4E08-A074-FBDA92323FF2}.Test|Any CPU.ActiveCfg = Test|Any CPU
		{24AF6755-290F-4E08-A074-FBDA92323FF2}.Test|Any CPU.Build.0 = Test|Any CPU
		{31099028-DFEB-486E-A8CD-6B4A058BDCD9}.Debug|Any CPU.ActiveCfg = Debug|Any CPU
		{31099028-DFEB-486E-A8CD-6B4A058BDCD9}.Debug|Any CPU.Build.0 = Debug|Any CPU
		{31099028-DFEB-486E-A8CD-6B4A058BDCD9}.Release|Any CPU.ActiveCfg = Release|Any CPU
		{31099028-DFEB-486E-A8CD-6B4A058BDCD9}.Release|Any CPU.Build.0 = Release|Any CPU
		{31099028-DFEB-486E-A8CD-6B4A058BDCD9}.Test|Any CPU.ActiveCfg = Test|Any CPU
		{31099028-DFEB-486E-A8CD-6B4A058BDCD9}.Test|Any CPU.Build.0 = Test|Any CPU
	EndGlobalSection
	GlobalSection(SolutionProperties) = preSolution
		HideSolutionNode = FALSE
	EndGlobalSection
	GlobalSection(ExtensibilityGlobals) = postSolution
		SolutionGuid = {8C7BC1B8-5164-473F-923E-6B0155CF9AFC}
	EndGlobalSection
EndGlobal
